
Microsoft Visual Studio Solution File, Format Version 12.00
# Visual Studio 15
VisualStudioVersion = 15.0.27004.2002
MinimumVisualStudioVersion = 10.0.40219.1
Project("{8BC9CEB8-8B4A-11D0-8D11-00A0C91BC942}") = "opencl-dft", "opencl-dft\opencl-dft.vcxproj", "{9AB90115-7D62-470F-8A0D-B9FCA40A8452}"
EndProject
Project("{8BC9CEB8-8B4A-11D0-8D11-00A0C91BC942}") = "DFTSerial", "DFTSerial\DFTSerial.vcxproj", "{3D83CCC2-8B6D-4698-95B4-719CE5ADE507}"
EndProject
Global
	GlobalSection(SolutionConfigurationPlatforms) = preSolution
		Debug|x64 = Debug|x64
		Debug|x86 = Debug|x86
		Release|x64 = Release|x64
		Release|x86 = Release|x86
	EndGlobalSection
	GlobalSection(ProjectConfigurationPlatforms) = postSolution
		{9AB90115-7D62-470F-8A0D-B9FCA40A8452}.Debug|x64.ActiveCfg = Debug|x64
		{9AB90115-7D62-470F-8A0D-B9FCA40A8452}.Debug|x64.Build.0 = Debug|x64
		{9AB90115-7D62-470F-8A0D-B9FCA40A8452}.Debug|x86.ActiveCfg = Debug|Win32
		{9AB90115-7D62-470F-8A0D-B9FCA40A8452}.Debug|x86.Build.0 = Debug|Win32
		{9AB90115-7D62-470F-8A0D-B9FCA40A8452}.Release|x64.ActiveCfg = Release|x64
		{9AB90115-7D62-470F-8A0D-B9FCA40A8452}.Release|x64.Build.0 = Release|x64
		{9AB90115-7D62-470F-8A0D-B9FCA40A8452}.Release|x86.ActiveCfg = Release|Win32
		{9AB90115-7D62-470F-8A0D-B9FCA40A8452}.Release|x86.Build.0 = Release|Win32
		{3D83CCC2-8B6D-4698-95B4-719CE5ADE507}.Debug|x64.ActiveCfg = Debug|x64
		{3D83CCC2-8B6D-4698-95B4-719CE5ADE507}.Debug|x64.Build.0 = Debug|x64
		{3D83CCC2-8B6D-4698-95B4-719CE5ADE507}.Debug|x86.ActiveCfg = Debug|Win32
		{3D83CCC2-8B6D-4698-95B4-719CE5ADE507}.Debug|x86.Build.0 = Debug|Win32
		{3D83CCC2-8B6D-4698-95B4-719CE5ADE507}.Release|x64.ActiveCfg = Release|x64
		{3D83CCC2-8B6D-4698-95B4-719CE5ADE507}.Release|x64.Build.0 = Release|x64
		{3D83CCC2-8B6D-4698-95B4-719CE5ADE507}.Release|x86.ActiveCfg = Release|Win32
		{3D83CCC2-8B6D-4698-95B4-719CE5ADE507}.Release|x86.Build.0 = Release|Win32
	EndGlobalSection
	GlobalSection(SolutionProperties) = preSolution
		HideSolutionNode = FALSE
	EndGlobalSection
	GlobalSection(ExtensibilityGlobals) = postSolution
		SolutionGuid = {F887F902-49B7-45E5-9DFB-22B554CD7261}
	EndGlobalSection
EndGlobal
